
Microsoft Visual Studio Solution File, Format Version 12.00
# Visual Studio Version 16
VisualStudioVersion = 16.0.29911.84
MinimumVisualStudioVersion = 10.0.40219.1
Project("{FAE04EC0-301F-11D3-BF4B-00C04F79EFBC}") = "Substring", "Substring\Substring.csproj", "{9341461F-49E0-4E0F-AE28-AA76E5F37F96}"
EndProject
Project("{FAE04EC0-301F-11D3-BF4B-00C04F79EFBC}") = "Palindrome", "Palindrome\Palindrome.csproj", "{C5A351F1-6AE6-4A27-BB67-530457CD49A5}"
EndProject
Project("{FAE04EC0-301F-11D3-BF4B-00C04F79EFBC}") = "Sorting_an_array", "Sorting_an_array\Sorting_an_array.csproj", "{A86A5954-3242-4F90-BC11-51181BC875E1}"
EndProject
Global
	GlobalSection(SolutionConfigurationPlatforms) = preSolution
		Debug|Any CPU = Debug|Any CPU
		Release|Any CPU = Release|Any CPU
	EndGlobalSection
	GlobalSection(ProjectConfigurationPlatforms) = postSolution
		{9341461F-49E0-4E0F-AE28-AA76E5F37F96}.Debug|Any CPU.ActiveCfg = Debug|Any CPU
		{9341461F-49E0-4E0F-AE28-AA76E5F37F96}.Debug|Any CPU.Build.0 = Debug|Any CPU
		{9341461F-49E0-4E0F-AE28-AA76E5F37F96}.Release|Any CPU.ActiveCfg = Release|Any CPU
		{9341461F-49E0-4E0F-AE28-AA76E5F37F96}.Release|Any CPU.Build.0 = Release|Any CPU
		{C5A351F1-6AE6-4A27-BB67-530457CD49A5}.Debug|Any CPU.ActiveCfg = Debug|Any CPU
		{C5A351F1-6AE6-4A27-BB67-530457CD49A5}.Debug|Any CPU.Build.0 = Debug|Any CPU
		{C5A351F1-6AE6-4A27-BB67-530457CD49A5}.Release|Any CPU.ActiveCfg = Release|Any CPU
		{C5A351F1-6AE6-4A27-BB67-530457CD49A5}.Release|Any CPU.Build.0 = Release|Any CPU
		{A86A5954-3242-4F90-BC11-51181BC875E1}.Debug|Any CPU.ActiveCfg = Debug|Any CPU
		{A86A5954-3242-4F90-BC11-51181BC875E1}.Debug|Any CPU.Build.0 = Debug|Any CPU
		{A86A5954-3242-4F90-BC11-51181BC875E1}.Release|Any CPU.ActiveCfg = Release|Any CPU
		{A86A5954-3242-4F90-BC11-51181BC875E1}.Release|Any CPU.Build.0 = Release|Any CPU
	EndGlobalSection
	GlobalSection(SolutionProperties) = preSolution
		HideSolutionNode = FALSE
	EndGlobalSection
	GlobalSection(ExtensibilityGlobals) = postSolution
		SolutionGuid = {14949F9A-9F55-4B9D-9D1D-1812F6C71398}
	EndGlobalSection
EndGlobal
